{
  "name": "RomanConverter",
  "lockfileVersion": 3,
  "requires": true,
  "packages": {
    "": {
      "dependencies": {
        "romans": "^3.0.0"
      }
    },
    "node_modules/romans": {
      "version": "3.0.0",
      "resolved": "https://registry.npmjs.org/romans/-/romans-3.0.0.tgz",
      "integrity": "sha512-7DDsAfhtpRr/ZFQXiHDrC3Pe00agcAsFiNt5nNx4ZAQlsc6yJG0mvXA5WAvO8YZyOg349twm2GYhHLw7rCXAzw=="
    }
  }
}
